
Microsoft Visual Studio Solution File, Format Version 12.00
# Visual Studio Version 16
VisualStudioVersion = 16.0.31321.278
MinimumVisualStudioVersion = 10.0.40219.1
Project("{2150E333-8FDC-42A3-9474-1A3956D46DE8}") = ".docs", ".docs", "{F3B5EBE8-C1A5-40E3-805A-7E1EDAEF081D}"
	ProjectSection(SolutionItems) = preProject
		LICENSE = LICENSE
		README.md = README.md
	EndProjectSection
EndProject
Project("{2150E333-8FDC-42A3-9474-1A3956D46DE8}") = ".code", ".code", "{85927A6D-3690-436A-9D4C-6057D2091CBD}"
	ProjectSection(SolutionItems) = preProject
		.gitignore = .gitignore
	EndProjectSection
EndProject
Project("{2150E333-8FDC-42A3-9474-1A3956D46DE8}") = "Spikes", "Spikes", "{AF71FC1F-B723-45B9-B75A-7C600B8027FD}"
EndProject
Project("{9A19103F-16F7-4668-BE54-9A1E7A4F7556}") = "AppWatcherConsole", "AppWatcherConsole\AppWatcherConsole.csproj", "{BBE2416C-4B49-4CC0-BD8E-51FA9C7809C6}"
EndProject
Project("{9A19103F-16F7-4668-BE54-9A1E7A4F7556}") = "AppWatcher", "AppWatcher\AppWatcher.csproj", "{32419E1D-8AEF-453C-A6BF-D9927AEFE2E5}"
EndProject
Global
	GlobalSection(SolutionConfigurationPlatforms) = preSolution
		Debug|Any CPU = Debug|Any CPU
		Debug|ARM32 = Debug|ARM32
		Debug|x64 = Debug|x64
		Release|Any CPU = Release|Any CPU
		Release|ARM32 = Release|ARM32
		Release|x64 = Release|x64
	EndGlobalSection
	GlobalSection(ProjectConfigurationPlatforms) = postSolution
		{BBE2416C-4B49-4CC0-BD8E-51FA9C7809C6}.Debug|Any CPU.ActiveCfg = Debug|Any CPU
		{BBE2416C-4B49-4CC0-BD8E-51FA9C7809C6}.Debug|Any CPU.Build.0 = Debug|Any CPU
		{BBE2416C-4B49-4CC0-BD8E-51FA9C7809C6}.Debug|ARM32.ActiveCfg = Debug|ARM32
		{BBE2416C-4B49-4CC0-BD8E-51FA9C7809C6}.Debug|ARM32.Build.0 = Debug|ARM32
		{BBE2416C-4B49-4CC0-BD8E-51FA9C7809C6}.Debug|x64.ActiveCfg = Debug|x64
		{BBE2416C-4B49-4CC0-BD8E-51FA9C7809C6}.Debug|x64.Build.0 = Debug|x64
		{BBE2416C-4B49-4CC0-BD8E-51FA9C7809C6}.Release|Any CPU.ActiveCfg = Release|Any CPU
		{BBE2416C-4B49-4CC0-BD8E-51FA9C7809C6}.Release|Any CPU.Build.0 = Release|Any CPU
		{BBE2416C-4B49-4CC0-BD8E-51FA9C7809C6}.Release|ARM32.ActiveCfg = Release|ARM32
		{BBE2416C-4B49-4CC0-BD8E-51FA9C7809C6}.Release|ARM32.Build.0 = Release|ARM32
		{BBE2416C-4B49-4CC0-BD8E-51FA9C7809C6}.Release|x64.ActiveCfg = Release|x64
		{BBE2416C-4B49-4CC0-BD8E-51FA9C7809C6}.Release|x64.Build.0 = Release|x64
		{32419E1D-8AEF-453C-A6BF-D9927AEFE2E5}.Debug|Any CPU.ActiveCfg = Debug|Any CPU
		{32419E1D-8AEF-453C-A6BF-D9927AEFE2E5}.Debug|Any CPU.Build.0 = Debug|Any CPU
		{32419E1D-8AEF-453C-A6BF-D9927AEFE2E5}.Debug|ARM32.ActiveCfg = Debug|ARM32
		{32419E1D-8AEF-453C-A6BF-D9927AEFE2E5}.Debug|ARM32.Build.0 = Debug|ARM32
		{32419E1D-8AEF-453C-A6BF-D9927AEFE2E5}.Debug|x64.ActiveCfg = Debug|x64
		{32419E1D-8AEF-453C-A6BF-D9927AEFE2E5}.Debug|x64.Build.0 = Debug|x64
		{32419E1D-8AEF-453C-A6BF-D9927AEFE2E5}.Release|Any CPU.ActiveCfg = Release|Any CPU
		{32419E1D-8AEF-453C-A6BF-D9927AEFE2E5}.Release|Any CPU.Build.0 = Release|Any CPU
		{32419E1D-8AEF-453C-A6BF-D9927AEFE2E5}.Release|ARM32.ActiveCfg = Release|ARM32
		{32419E1D-8AEF-453C-A6BF-D9927AEFE2E5}.Release|ARM32.Build.0 = Release|ARM32
		{32419E1D-8AEF-453C-A6BF-D9927AEFE2E5}.Release|x64.ActiveCfg = Release|x64
		{32419E1D-8AEF-453C-A6BF-D9927AEFE2E5}.Release|x64.Build.0 = Release|x64
	EndGlobalSection
	GlobalSection(SolutionProperties) = preSolution
		HideSolutionNode = FALSE
	EndGlobalSection
	GlobalSection(NestedProjects) = preSolution
		{BBE2416C-4B49-4CC0-BD8E-51FA9C7809C6} = {AF71FC1F-B723-45B9-B75A-7C600B8027FD}
	EndGlobalSection
	GlobalSection(ExtensibilityGlobals) = postSolution
		SolutionGuid = {809E8C66-BB63-442C-B17D-79B734A8DBE2}
	EndGlobalSection
EndGlobal
